
Microsoft Visual Studio Solution File, Format Version 12.00
# Visual Studio 15
VisualStudioVersion = 15.0.28010.2046
MinimumVisualStudioVersion = 10.0.40219.1
Project("{FAE04EC0-301F-11D3-BF4B-00C04F79EFBC}") = "InsuranceCompanyForm", "InsuranceCompany\InsuranceCompanyForm.csproj", "{99A4720F-F09A-4FF0-81DC-12A767E9933F}"
EndProject
Project("{FAE04EC0-301F-11D3-BF4B-00C04F79EFBC}") = "InsuranceCompanyModel", "InsuranceCompanyModel\InsuranceCompanyModel.csproj", "{65F6165A-2850-454C-91AE-89C529272B8E}"
EndProject
Project("{FAE04EC0-301F-11D3-BF4B-00C04F79EFBC}") = "InsuranceCompanyService", "InsuranceCompanyService\InsuranceCompanyService.csproj", "{1B90BEE1-9C93-4531-85EB-3E35E111FE47}"
EndProject
Global
	GlobalSection(SolutionConfigurationPlatforms) = preSolution
		Debug|Any CPU = Debug|Any CPU
		Release|Any CPU = Release|Any CPU
	EndGlobalSection
	GlobalSection(ProjectConfigurationPlatforms) = postSolution
		{99A4720F-F09A-4FF0-81DC-12A767E9933F}.Debug|Any CPU.ActiveCfg = Debug|Any CPU
		{99A4720F-F09A-4FF0-81DC-12A767E9933F}.Debug|Any CPU.Build.0 = Debug|Any CPU
		{99A4720F-F09A-4FF0-81DC-12A767E9933F}.Release|Any CPU.ActiveCfg = Release|Any CPU
		{99A4720F-F09A-4FF0-81DC-12A767E9933F}.Release|Any CPU.Build.0 = Release|Any CPU
		{65F6165A-2850-454C-91AE-89C529272B8E}.Debug|Any CPU.ActiveCfg = Debug|Any CPU
		{65F6165A-2850-454C-91AE-89C529272B8E}.Debug|Any CPU.Build.0 = Debug|Any CPU
		{65F6165A-2850-454C-91AE-89C529272B8E}.Release|Any CPU.ActiveCfg = Release|Any CPU
		{65F6165A-2850-454C-91AE-89C529272B8E}.Release|Any CPU.Build.0 = Release|Any CPU
		{1B90BEE1-9C93-4531-85EB-3E35E111FE47}.Debug|Any CPU.ActiveCfg = Debug|Any CPU
		{1B90BEE1-9C93-4531-85EB-3E35E111FE47}.Debug|Any CPU.Build.0 = Debug|Any CPU
		{1B90BEE1-9C93-4531-85EB-3E35E111FE47}.Release|Any CPU.ActiveCfg = Release|Any CPU
		{1B90BEE1-9C93-4531-85EB-3E35E111FE47}.Release|Any CPU.Build.0 = Release|Any CPU
	EndGlobalSection
	GlobalSection(SolutionProperties) = preSolution
		HideSolutionNode = FALSE
	EndGlobalSection
	GlobalSection(ExtensibilityGlobals) = postSolution
		SolutionGuid = {99B73B47-3487-4CAF-B4DE-A4672A929E05}
	EndGlobalSection
EndGlobal
